
Microsoft Visual Studio Solution File, Format Version 12.00
# Visual Studio 2012
Project("{FAE04EC0-301F-11D3-BF4B-00C04F79EFBC}") = "SeedEquity.Services.Email", "SeedEquity.Services.Email\SeedEquity.Services.Email.csproj", "{02646FF0-0780-419F-BD90-8E4B94139EB1}"
EndProject
Project("{FAE04EC0-301F-11D3-BF4B-00C04F79EFBC}") = "SeedEquity.Services.Email.Ninject", "SeedEquity.Services.Email.Ninject\SeedEquity.Services.Email.Ninject.csproj", "{3145B33D-076B-41BB-88B6-A56CAABA5736}"
EndProject
Global
	GlobalSection(SolutionConfigurationPlatforms) = preSolution
		Debug|Any CPU = Debug|Any CPU
		Release|Any CPU = Release|Any CPU
	EndGlobalSection
	GlobalSection(ProjectConfigurationPlatforms) = postSolution
		{02646FF0-0780-419F-BD90-8E4B94139EB1}.Debug|Any CPU.ActiveCfg = Debug|Any CPU
		{02646FF0-0780-419F-BD90-8E4B94139EB1}.Debug|Any CPU.Build.0 = Debug|Any CPU
		{02646FF0-0780-419F-BD90-8E4B94139EB1}.Release|Any CPU.ActiveCfg = Release|Any CPU
		{02646FF0-0780-419F-BD90-8E4B94139EB1}.Release|Any CPU.Build.0 = Release|Any CPU
		{3145B33D-076B-41BB-88B6-A56CAABA5736}.Debug|Any CPU.ActiveCfg = Debug|Any CPU
		{3145B33D-076B-41BB-88B6-A56CAABA5736}.Debug|Any CPU.Build.0 = Debug|Any CPU
		{3145B33D-076B-41BB-88B6-A56CAABA5736}.Release|Any CPU.ActiveCfg = Release|Any CPU
		{3145B33D-076B-41BB-88B6-A56CAABA5736}.Release|Any CPU.Build.0 = Release|Any CPU
	EndGlobalSection
	GlobalSection(SolutionProperties) = preSolution
		HideSolutionNode = FALSE
	EndGlobalSection
EndGlobal
